
Microsoft Visual Studio Solution File, Format Version 12.00
# Visual Studio Version 17
VisualStudioVersion = 17.10.35013.160
MinimumVisualStudioVersion = 10.0.40219.1
Project("{FAE04EC0-301F-11D3-BF4B-00C04F79EFBC}") = "LocaleConverter", "LocaleConverter\LocaleConverter.csproj", "{24EA3BF6-A5F4-4533-A786-EFFA31C88D3C}"
EndProject
Global
	GlobalSection(SolutionConfigurationPlatforms) = preSolution
		Debug|Any CPU = Debug|Any CPU
		Release|Any CPU = Release|Any CPU
	EndGlobalSection
	GlobalSection(ProjectConfigurationPlatforms) = postSolution
		{24EA3BF6-A5F4-4533-A786-EFFA31C88D3C}.Debug|Any CPU.ActiveCfg = Debug|Any CPU
		{24EA3BF6-A5F4-4533-A786-EFFA31C88D3C}.Debug|Any CPU.Build.0 = Debug|Any CPU
		{24EA3BF6-A5F4-4533-A786-EFFA31C88D3C}.Release|Any CPU.ActiveCfg = Release|Any CPU
		{24EA3BF6-A5F4-4533-A786-EFFA31C88D3C}.Release|Any CPU.Build.0 = Release|Any CPU
	EndGlobalSection
	GlobalSection(SolutionProperties) = preSolution
		HideSolutionNode = FALSE
	EndGlobalSection
	GlobalSection(ExtensibilityGlobals) = postSolution
		SolutionGuid = {8F07B717-6499-4586-94F5-817CE3F9985A}
	EndGlobalSection
EndGlobal
